
Microsoft Visual Studio Solution File, Format Version 12.00
# Visual Studio Version 17
VisualStudioVersion = 17.3.32811.315
MinimumVisualStudioVersion = 10.0.40219.1
Project("{FAE04EC0-301F-11D3-BF4B-00C04F79EFBC}") = "Prova21bm", "Prova21bm\Prova21bm.csproj", "{4A43A210-E635-404E-9B65-EBA6793B5240}"
EndProject
Global
	GlobalSection(SolutionConfigurationPlatforms) = preSolution
		Debug|Any CPU = Debug|Any CPU
		Release|Any CPU = Release|Any CPU
	EndGlobalSection
	GlobalSection(ProjectConfigurationPlatforms) = postSolution
		{4A43A210-E635-404E-9B65-EBA6793B5240}.Debug|Any CPU.ActiveCfg = Debug|Any CPU
		{4A43A210-E635-404E-9B65-EBA6793B5240}.Debug|Any CPU.Build.0 = Debug|Any CPU
		{4A43A210-E635-404E-9B65-EBA6793B5240}.Release|Any CPU.ActiveCfg = Release|Any CPU
		{4A43A210-E635-404E-9B65-EBA6793B5240}.Release|Any CPU.Build.0 = Release|Any CPU
	EndGlobalSection
	GlobalSection(SolutionProperties) = preSolution
		HideSolutionNode = FALSE
	EndGlobalSection
	GlobalSection(ExtensibilityGlobals) = postSolution
		SolutionGuid = {182A6D15-4E15-4810-9EB2-99D7350A80D0}
	EndGlobalSection
EndGlobal
